{
  "nodes": {
    "nixpkgs": {
      "locked": {
        "lastModified": 1730400794,
        "narHash": "sha256-+JePAVBbwtdrC5mIB+BNW90ZK8E2A5wwMZQY8wpu+yE=",
        "owner": "NixOS",
        "repo": "nixpkgs",
        "rev": "365b440a1fb432ca58518dbc7125a1ab46cec9ed",
        "type": "github"
      },
      "original": {
        "owner": "NixOS",
        "repo": "nixpkgs",
        "type": "github"
      }
    },
    "root": {
      "inputs": {
        "nixpkgs": "nixpkgs"
      }
    }
  },
  "root": "root",
  "version": 7
}
