{
  "nodes": {
    "nixpkgs": {
      "locked": {
        "lastModified": 1733577228,
        "narHash": "sha256-pS75TNSl/JwGh9yf1ZtcZj8m/askACdA+JZNOVUgCPA=",
        "owner": "NixOS",
        "repo": "nixpkgs",
        "rev": "fafe46fca0a8431dcdd3926a01fb06f51c33cab5",
        "type": "github"
      },
      "original": {
        "owner": "NixOS",
        "repo": "nixpkgs",
        "rev": "fafe46fca0a8431dcdd3926a01fb06f51c33cab5",
        "type": "github"
      }
    },
    "root": {
      "inputs": {
        "nixpkgs": "nixpkgs"
      }
    }
  },
  "root": "root",
  "version": 7
}
